
Microsoft Visual Studio Solution File, Format Version 12.00
# Visual Studio 14
VisualStudioVersion = 14.0.25420.1
MinimumVisualStudioVersion = 10.0.40219.1
Project("{FAE04EC0-301F-11D3-BF4B-00C04F79EFBC}") = "ServerTrack.Api", "ServerTrack.Api\ServerTrack.Api.csproj", "{D3564FCB-4D23-463B-AC44-237C55984E8C}"
EndProject
Project("{FAE04EC0-301F-11D3-BF4B-00C04F79EFBC}") = "ServerTrack.Test", "ServerTrack.Test\ServerTrack.Test.csproj", "{DCD831D9-87A6-4383-A527-18160A11314E}"
EndProject
Global
	GlobalSection(SolutionConfigurationPlatforms) = preSolution
		Debug|Any CPU = Debug|Any CPU
		Release|Any CPU = Release|Any CPU
	EndGlobalSection
	GlobalSection(ProjectConfigurationPlatforms) = postSolution
		{D3564FCB-4D23-463B-AC44-237C55984E8C}.Debug|Any CPU.ActiveCfg = Debug|Any CPU
		{D3564FCB-4D23-463B-AC44-237C55984E8C}.Debug|Any CPU.Build.0 = Debug|Any CPU
		{D3564FCB-4D23-463B-AC44-237C55984E8C}.Release|Any CPU.ActiveCfg = Release|Any CPU
		{D3564FCB-4D23-463B-AC44-237C55984E8C}.Release|Any CPU.Build.0 = Release|Any CPU
		{DCD831D9-87A6-4383-A527-18160A11314E}.Debug|Any CPU.ActiveCfg = Debug|Any CPU
		{DCD831D9-87A6-4383-A527-18160A11314E}.Debug|Any CPU.Build.0 = Debug|Any CPU
		{DCD831D9-87A6-4383-A527-18160A11314E}.Release|Any CPU.ActiveCfg = Release|Any CPU
		{DCD831D9-87A6-4383-A527-18160A11314E}.Release|Any CPU.Build.0 = Release|Any CPU
	EndGlobalSection
	GlobalSection(SolutionProperties) = preSolution
		HideSolutionNode = FALSE
	EndGlobalSection
EndGlobal
